
Microsoft Visual Studio Solution File, Format Version 12.00
# Visual Studio 2012
Project("{FAE04EC0-301F-11D3-BF4B-00C04F79EFBC}") = "wx", "wx\wx.csproj", "{879336F4-BF3C-4436-9FA3-F526C3C6AB12}"
EndProject
Global
	GlobalSection(TeamFoundationVersionControl) = preSolution
		SccNumberOfProjects = 2
		SccEnterpriseProvider = {4CA58AB2-18FA-4F8D-95D4-32DDF27D184C}
		SccTeamFoundationServer = https://cloudjun.visualstudio.com/defaultcollection
		SccLocalPath0 = .
		SccProjectUniqueName1 = wx\\wx.csproj
		SccProjectName1 = wx
		SccLocalPath1 = wx
	EndGlobalSection
	GlobalSection(SolutionConfigurationPlatforms) = preSolution
		Debug|Any CPU = Debug|Any CPU
		Release|Any CPU = Release|Any CPU
	EndGlobalSection
	GlobalSection(ProjectConfigurationPlatforms) = postSolution
		{879336F4-BF3C-4436-9FA3-F526C3C6AB12}.Debug|Any CPU.ActiveCfg = Debug|Any CPU
		{879336F4-BF3C-4436-9FA3-F526C3C6AB12}.Debug|Any CPU.Build.0 = Debug|Any CPU
		{879336F4-BF3C-4436-9FA3-F526C3C6AB12}.Release|Any CPU.ActiveCfg = Release|Any CPU
		{879336F4-BF3C-4436-9FA3-F526C3C6AB12}.Release|Any CPU.Build.0 = Release|Any CPU
	EndGlobalSection
	GlobalSection(SolutionProperties) = preSolution
		HideSolutionNode = FALSE
	EndGlobalSection
EndGlobal
